
Microsoft Visual Studio Solution File, Format Version 12.00
# Visual Studio 15
VisualStudioVersion = 15.0.26430.15
MinimumVisualStudioVersion = 10.0.40219.1
Project("{2150E333-8FDC-42A3-9474-1A3956D46DE8}") = "Solution Items", "Solution Items", "{AD003017-DAE6-48CA-B0FC-F57FA9FF86A7}"
	ProjectSection(SolutionItems) = preProject
		.gitignore = .gitignore
		appveyor.yml = appveyor.yml
		coverage.ps1 = coverage.ps1
		coveralls.ps1 = coveralls.ps1
		LICENSE = LICENSE
		README.md = README.md
	EndProjectSection
EndProject
Project("{9A19103F-16F7-4668-BE54-9A1E7A4F7556}") = "Automa.Opc.Ua.Client.Sample", "Automa.Opc.Ua.Client.Sample\Automa.Opc.Ua.Client.Sample.csproj", "{767BC4F3-1AA3-4BF9-9997-BB85477042FD}"
EndProject
Project("{9A19103F-16F7-4668-BE54-9A1E7A4F7556}") = "Automa.Opc.Ua.Client", "Automa.Opc.Ua.Client\Automa.Opc.Ua.Client.csproj", "{439B20F0-B9D4-4A9D-A475-26CAA8621730}"
EndProject
Project("{9A19103F-16F7-4668-BE54-9A1E7A4F7556}") = "Automa.Opc.Ua.Client.Tests", "Automa.Opc.Ua.Client.Tests\Automa.Opc.Ua.Client.Tests.csproj", "{C12A282F-A094-49E0-87AF-BDBC93D97226}"
EndProject
Global
	GlobalSection(SolutionConfigurationPlatforms) = preSolution
		Debug|Any CPU = Debug|Any CPU
		Release|Any CPU = Release|Any CPU
	EndGlobalSection
	GlobalSection(ProjectConfigurationPlatforms) = postSolution
		{767BC4F3-1AA3-4BF9-9997-BB85477042FD}.Debug|Any CPU.ActiveCfg = Debug|Any CPU
		{767BC4F3-1AA3-4BF9-9997-BB85477042FD}.Debug|Any CPU.Build.0 = Debug|Any CPU
		{767BC4F3-1AA3-4BF9-9997-BB85477042FD}.Release|Any CPU.ActiveCfg = Release|Any CPU
		{767BC4F3-1AA3-4BF9-9997-BB85477042FD}.Release|Any CPU.Build.0 = Release|Any CPU
		{439B20F0-B9D4-4A9D-A475-26CAA8621730}.Debug|Any CPU.ActiveCfg = Debug|Any CPU
		{439B20F0-B9D4-4A9D-A475-26CAA8621730}.Debug|Any CPU.Build.0 = Debug|Any CPU
		{439B20F0-B9D4-4A9D-A475-26CAA8621730}.Release|Any CPU.ActiveCfg = Release|Any CPU
		{439B20F0-B9D4-4A9D-A475-26CAA8621730}.Release|Any CPU.Build.0 = Release|Any CPU
		{C12A282F-A094-49E0-87AF-BDBC93D97226}.Debug|Any CPU.ActiveCfg = Debug|Any CPU
		{C12A282F-A094-49E0-87AF-BDBC93D97226}.Debug|Any CPU.Build.0 = Debug|Any CPU
		{C12A282F-A094-49E0-87AF-BDBC93D97226}.Release|Any CPU.ActiveCfg = Release|Any CPU
		{C12A282F-A094-49E0-87AF-BDBC93D97226}.Release|Any CPU.Build.0 = Release|Any CPU
	EndGlobalSection
	GlobalSection(SolutionProperties) = preSolution
		HideSolutionNode = FALSE
	EndGlobalSection
EndGlobal
